
Microsoft Visual Studio Solution File, Format Version 12.00
# Visual Studio Version 16
VisualStudioVersion = 16.0.30503.244
MinimumVisualStudioVersion = 10.0.40219.1
Project("{FAE04EC0-301F-11D3-BF4B-00C04F79EFBC}") = "StreamWriter", "StreamWriter\StreamWriter.csproj", "{EF461F49-D0B8-4655-B11D-FE8DC0842A82}"
EndProject
Global
	GlobalSection(SolutionConfigurationPlatforms) = preSolution
		Debug|Any CPU = Debug|Any CPU
		Release|Any CPU = Release|Any CPU
	EndGlobalSection
	GlobalSection(ProjectConfigurationPlatforms) = postSolution
		{EF461F49-D0B8-4655-B11D-FE8DC0842A82}.Debug|Any CPU.ActiveCfg = Debug|Any CPU
		{EF461F49-D0B8-4655-B11D-FE8DC0842A82}.Debug|Any CPU.Build.0 = Debug|Any CPU
		{EF461F49-D0B8-4655-B11D-FE8DC0842A82}.Release|Any CPU.ActiveCfg = Release|Any CPU
		{EF461F49-D0B8-4655-B11D-FE8DC0842A82}.Release|Any CPU.Build.0 = Release|Any CPU
	EndGlobalSection
	GlobalSection(SolutionProperties) = preSolution
		HideSolutionNode = FALSE
	EndGlobalSection
	GlobalSection(ExtensibilityGlobals) = postSolution
		SolutionGuid = {459B7ED8-63A3-4931-8984-0C6FECE0B214}
	EndGlobalSection
EndGlobal
